
Microsoft Visual Studio Solution File, Format Version 12.00
# Visual Studio Version 16
VisualStudioVersion = 16.0.31729.503
MinimumVisualStudioVersion = 10.0.40219.1
Project("{FAE04EC0-301F-11D3-BF4B-00C04F79EFBC}") = "ConsoleApp4", "ConsoleApp4\ConsoleApp4.csproj", "{BCEEE000-396E-4CD5-8CF1-A0E00F63D071}"
EndProject
Global
	GlobalSection(SolutionConfigurationPlatforms) = preSolution
		Debug|Any CPU = Debug|Any CPU
		Release|Any CPU = Release|Any CPU
	EndGlobalSection
	GlobalSection(ProjectConfigurationPlatforms) = postSolution
		{BCEEE000-396E-4CD5-8CF1-A0E00F63D071}.Debug|Any CPU.ActiveCfg = Debug|Any CPU
		{BCEEE000-396E-4CD5-8CF1-A0E00F63D071}.Debug|Any CPU.Build.0 = Debug|Any CPU
		{BCEEE000-396E-4CD5-8CF1-A0E00F63D071}.Release|Any CPU.ActiveCfg = Release|Any CPU
		{BCEEE000-396E-4CD5-8CF1-A0E00F63D071}.Release|Any CPU.Build.0 = Release|Any CPU
	EndGlobalSection
	GlobalSection(SolutionProperties) = preSolution
		HideSolutionNode = FALSE
	EndGlobalSection
	GlobalSection(ExtensibilityGlobals) = postSolution
		SolutionGuid = {027A756C-1EB3-4132-B6C5-2D1F65CF522D}
	EndGlobalSection
EndGlobal
